DEPENDENCIES
  apache
    path: site-cookbooks/apache
  ark
  database
  devtools
    path: site-cookbooks/devtools
  firewalld
  git
  mysql
  mysql-repo
    path: site-cookbooks/mysql-repo
  nginx
    path: site-cookbooks/nginx
  nodejs
  ntp
  openssh
  php
    path: site-cookbooks/php
  python
    path: site-cookbooks/python
  rbenv
  ruby
    path: site-cookbooks/ruby
  selinux
  site-user
    path: site-cookbooks/site-user
  sudo
  user
  yum
  yum-cron
  yum-epel
  yum-ius
  yum-mysql-community
  yum-remi

GRAPH
  apache (0.1.0)
    yum (>= 0.0.0)
    yum-ius (>= 0.0.0)
  apt (4.0.2)
    compat_resource (>= 12.10)
  ark (2.0.0)
    build-essential (>= 0.0.0)
    seven_zip (>= 0.0.0)
    windows (>= 0.0.0)
  build-essential (6.0.4)
    compat_resource (>= 12.10)
    mingw (>= 1.1)
    seven_zip (>= 0.0.0)
  chef_handler (1.4.0)
  compat_resource (12.14.0)
  database (6.0.0)
    postgresql (>= 1.0.0)
  devtools (0.1.0)
    firewalld (>= 0.0.0)
  dmg (2.4.0)
  firewalld (1.1.1)
  git (4.6.0)
    build-essential (>= 0.0.0)
    dmg (>= 0.0.0)
    windows (>= 0.0.0)
    yum-epel (>= 0.0.0)
  homebrew (2.1.2)
    build-essential (>= 2.1.2)
  iptables (2.2.0)
  mingw (1.2.4)
    compat_resource (>= 0.0.0)
    seven_zip (>= 0.0.0)
  mysql (8.0.2)
  mysql-repo (0.1.0)
    database (>= 0.0.0)
    mysql (>= 0.0.0)
    yum-mysql-community (>= 0.0.0)
  nginx (0.1.0)
    yum (>= 0.0.0)
    yum-remi (>= 0.0.0)
  nodejs (2.4.4)
    apt (>= 0.0.0)
    ark (>= 0.0.0)
    build-essential (>= 0.0.0)
    homebrew (>= 0.0.0)
    yum-epel (>= 0.0.0)
  ntp (3.2.0)
  ohai (4.2.0)
    compat_resource (>= 12.10)
  openssh (2.1.0)
    iptables (>= 1.0)
  openssl (6.0.0)
  php (0.1.0)
    yum (>= 0.0.0)
    yum-remi (>= 0.0.0)
  postgresql (3.4.16)
    apt (>= 1.9.0)
    build-essential (>= 0.0.0)
    openssl (>= 0.0.0)
  python (0.1.0)
  rbenv (1.7.1)
    apt (>= 0.0.0)
    build-essential (>= 0.0.0)
    git (>= 0.0.0)
    ohai (>= 1.1)
  ruby (0.1.0)
    rbenv (>= 0.0.0)
  selinux (0.9.0)
  seven_zip (2.0.2)
    windows (>= 1.2.2)
  site-user (0.1.0)
    openssh (>= 0.0.0)
    sudo (>= 0.0.0)
    user (>= 0.0.0)
  sudo (3.1.0)
  user (0.5.1)
  windows (1.44.3)
    chef_handler (>= 0.0.0)
  yum (3.12.0)
  yum-cron (0.1.1)
  yum-epel (0.7.1)
    yum (>= 3.6.3)
  yum-ius (1.0.0)
    yum (>= 3.2)
    yum-epel (>= 0.0.0)
  yum-mysql-community (0.3.0)
    yum (>= 3.2)
  yum-remi (0.1.0)
    yum (>= 0.0.0)
